
Microsoft Visual Studio Solution File, Format Version 12.00
# Visual Studio Version 17
VisualStudioVersion = 17.8.34601.278
MinimumVisualStudioVersion = 10.0.40219.1
Project("{2150E333-8FDC-42A3-9474-1A3956D46DE8}") = "0 - API", "0 - API", "{8D525EFE-D912-49EE-B35D-383C3B492682}"
EndProject
Project("{2150E333-8FDC-42A3-9474-1A3956D46DE8}") = "1 - Services", "1 - Services", "{2EF02CD1-7353-4F31-9151-E31D824BCB7A}"
EndProject
Project("{2150E333-8FDC-42A3-9474-1A3956D46DE8}") = "2 - Data", "2 - Data", "{92E23229-FE8A-47AE-AC86-22F2344C5FED}"
EndProject
Project("{2150E333-8FDC-42A3-9474-1A3956D46DE8}") = "3 - Models", "3 - Models", "{3D0EFAD5-C9E2-4C9E-9CBA-31B609FB67D5}"
EndProject
Project("{2150E333-8FDC-42A3-9474-1A3956D46DE8}") = "4 - Cross-cutting", "4 - Cross-cutting", "{254F66E3-087E-4B9C-B918-5BA87C02599F}"
EndProject
Project("{9A19103F-16F7-4668-BE54-9A1E7A4F7556}") = "RoyalLibrary.IoC", "RoyalLibrary.IoC\RoyalLibrary.IoC.csproj", "{DB7E9140-3F88-47A8-AAEF-F5EA1B2370DF}"
EndProject
Project("{9A19103F-16F7-4668-BE54-9A1E7A4F7556}") = "RoyalLibrary.Infra", "RoyalLibrary.Infra\RoyalLibrary.Infra.csproj", "{23FA2144-E8EA-4CE9-A899-51A1BF7D30E9}"
EndProject
Project("{9A19103F-16F7-4668-BE54-9A1E7A4F7556}") = "RoyalLibrary.Models", "RoyalLibrary.Models\RoyalLibrary.Models.csproj", "{E9E19339-B58E-4ECD-A17C-3F82372F625E}"
EndProject
Project("{9A19103F-16F7-4668-BE54-9A1E7A4F7556}") = "RoyalLibrary.Repositories", "RoyalLibrary.Repositories\RoyalLibrary.Repositories.csproj", "{D67BBC23-44A3-46D6-8C74-E5E751D27911}"
EndProject
Project("{9A19103F-16F7-4668-BE54-9A1E7A4F7556}") = "RoyalLibrary.Services", "RoyalLibrary.Services\RoyalLibrary.Services.csproj", "{82B0F24D-CE33-4B42-9FD2-C6983E704F88}"
EndProject
Project("{9A19103F-16F7-4668-BE54-9A1E7A4F7556}") = "RoyalLibrary", "RoyalLibrary\RoyalLibrary.csproj", "{53B40661-FA67-4108-ACD7-C05AFA400430}"
EndProject
Project("{9A19103F-16F7-4668-BE54-9A1E7A4F7556}") = "RoyalLibrary.Models.Mapping", "RoyalLibrary.Models.Mapping\RoyalLibrary.Models.Mapping.csproj", "{BE19FF2F-EDAD-4DDC-84D2-B40097F293CD}"
EndProject
Global
	GlobalSection(SolutionConfigurationPlatforms) = preSolution
		Debug|Any CPU = Debug|Any CPU
		Release|Any CPU = Release|Any CPU
	EndGlobalSection
	GlobalSection(ProjectConfigurationPlatforms) = postSolution
		{DB7E9140-3F88-47A8-AAEF-F5EA1B2370DF}.Debug|Any CPU.ActiveCfg = Debug|Any CPU
		{DB7E9140-3F88-47A8-AAEF-F5EA1B2370DF}.Debug|Any CPU.Build.0 = Debug|Any CPU
		{DB7E9140-3F88-47A8-AAEF-F5EA1B2370DF}.Release|Any CPU.ActiveCfg = Release|Any CPU
		{DB7E9140-3F88-47A8-AAEF-F5EA1B2370DF}.Release|Any CPU.Build.0 = Release|Any CPU
		{23FA2144-E8EA-4CE9-A899-51A1BF7D30E9}.Debug|Any CPU.ActiveCfg = Debug|Any CPU
		{23FA2144-E8EA-4CE9-A899-51A1BF7D30E9}.Debug|Any CPU.Build.0 = Debug|Any CPU
		{23FA2144-E8EA-4CE9-A899-51A1BF7D30E9}.Release|Any CPU.ActiveCfg = Release|Any CPU
		{23FA2144-E8EA-4CE9-A899-51A1BF7D30E9}.Release|Any CPU.Build.0 = Release|Any CPU
		{E9E19339-B58E-4ECD-A17C-3F82372F625E}.Debug|Any CPU.ActiveCfg = Debug|Any CPU
		{E9E19339-B58E-4ECD-A17C-3F82372F625E}.Debug|Any CPU.Build.0 = Debug|Any CPU
		{E9E19339-B58E-4ECD-A17C-3F82372F625E}.Release|Any CPU.ActiveCfg = Release|Any CPU
		{E9E19339-B58E-4ECD-A17C-3F82372F625E}.Release|Any CPU.Build.0 = Release|Any CPU
		{D67BBC23-44A3-46D6-8C74-E5E751D27911}.Debug|Any CPU.ActiveCfg = Debug|Any CPU
		{D67BBC23-44A3-46D6-8C74-E5E751D27911}.Debug|Any CPU.Build.0 = Debug|Any CPU
		{D67BBC23-44A3-46D6-8C74-E5E751D27911}.Release|Any CPU.ActiveCfg = Release|Any CPU
		{D67BBC23-44A3-46D6-8C74-E5E751D27911}.Release|Any CPU.Build.0 = Release|Any CPU
		{82B0F24D-CE33-4B42-9FD2-C6983E704F88}.Debug|Any CPU.ActiveCfg = Debug|Any CPU
		{82B0F24D-CE33-4B42-9FD2-C6983E704F88}.Debug|Any CPU.Build.0 = Debug|Any CPU
		{82B0F24D-CE33-4B42-9FD2-C6983E704F88}.Release|Any CPU.ActiveCfg = Release|Any CPU
		{82B0F24D-CE33-4B42-9FD2-C6983E704F88}.Release|Any CPU.Build.0 = Release|Any CPU
		{53B40661-FA67-4108-ACD7-C05AFA400430}.Debug|Any CPU.ActiveCfg = Debug|Any CPU
		{53B40661-FA67-4108-ACD7-C05AFA400430}.Debug|Any CPU.Build.0 = Debug|Any CPU
		{53B40661-FA67-4108-ACD7-C05AFA400430}.Release|Any CPU.ActiveCfg = Release|Any CPU
		{53B40661-FA67-4108-ACD7-C05AFA400430}.Release|Any CPU.Build.0 = Release|Any CPU
		{BE19FF2F-EDAD-4DDC-84D2-B40097F293CD}.Debug|Any CPU.ActiveCfg = Debug|Any CPU
		{BE19FF2F-EDAD-4DDC-84D2-B40097F293CD}.Debug|Any CPU.Build.0 = Debug|Any CPU
		{BE19FF2F-EDAD-4DDC-84D2-B40097F293CD}.Release|Any CPU.ActiveCfg = Release|Any CPU
		{BE19FF2F-EDAD-4DDC-84D2-B40097F293CD}.Release|Any CPU.Build.0 = Release|Any CPU
	EndGlobalSection
	GlobalSection(SolutionProperties) = preSolution
		HideSolutionNode = FALSE
	EndGlobalSection
	GlobalSection(NestedProjects) = preSolution
		{DB7E9140-3F88-47A8-AAEF-F5EA1B2370DF} = {254F66E3-087E-4B9C-B918-5BA87C02599F}
		{23FA2144-E8EA-4CE9-A899-51A1BF7D30E9} = {254F66E3-087E-4B9C-B918-5BA87C02599F}
		{E9E19339-B58E-4ECD-A17C-3F82372F625E} = {3D0EFAD5-C9E2-4C9E-9CBA-31B609FB67D5}
		{D67BBC23-44A3-46D6-8C74-E5E751D27911} = {92E23229-FE8A-47AE-AC86-22F2344C5FED}
		{82B0F24D-CE33-4B42-9FD2-C6983E704F88} = {2EF02CD1-7353-4F31-9151-E31D824BCB7A}
		{53B40661-FA67-4108-ACD7-C05AFA400430} = {8D525EFE-D912-49EE-B35D-383C3B492682}
		{BE19FF2F-EDAD-4DDC-84D2-B40097F293CD} = {3D0EFAD5-C9E2-4C9E-9CBA-31B609FB67D5}
	EndGlobalSection
	GlobalSection(ExtensibilityGlobals) = postSolution
		SolutionGuid = {E7ABD5C1-0B06-45B5-B8C7-F319C80BDA46}
	EndGlobalSection
EndGlobal
