
Microsoft Visual Studio Solution File, Format Version 12.00
# Visual Studio Version 17
VisualStudioVersion = 17.8.34601.278
MinimumVisualStudioVersion = 10.0.40219.1
Project("{9A19103F-16F7-4668-BE54-9A1E7A4F7556}") = "RoyalLibrary", "RoyalLibrary.csproj", "{7C6551E8-347E-432C-ADA9-8AE51BC64698}"
EndProject
Project("{2150E333-8FDC-42A3-9474-1A3956D46DE8}") = "0 - API", "0 - API", "{8D525EFE-D912-49EE-B35D-383C3B492682}"
EndProject
Project("{2150E333-8FDC-42A3-9474-1A3956D46DE8}") = "1 - Services", "1 - Services", "{2EF02CD1-7353-4F31-9151-E31D824BCB7A}"
EndProject
Project("{2150E333-8FDC-42A3-9474-1A3956D46DE8}") = "2 - Data", "2 - Data", "{92E23229-FE8A-47AE-AC86-22F2344C5FED}"
EndProject
Project("{2150E333-8FDC-42A3-9474-1A3956D46DE8}") = "3 - Models", "3 - Models", "{3D0EFAD5-C9E2-4C9E-9CBA-31B609FB67D5}"
EndProject
Project("{2150E333-8FDC-42A3-9474-1A3956D46DE8}") = "4 - Cross-cutting", "4 - Cross-cutting", "{254F66E3-087E-4B9C-B918-5BA87C02599F}"
EndProject
Project("{9A19103F-16F7-4668-BE54-9A1E7A4F7556}") = "RoyalLibrary.IoC", "..\RoyalLibrary.IoC\RoyalLibrary.IoC.csproj", "{FE7A2D7E-CAD3-4719-B76D-78C6DCBB58FC}"
EndProject
Project("{9A19103F-16F7-4668-BE54-9A1E7A4F7556}") = "RoyalLibrary.Infra", "..\RoyalLibrary.Infra\RoyalLibrary.Infra.csproj", "{35B08294-9920-4BB0-A32F-98EDDB09D166}"
EndProject
Project("{9A19103F-16F7-4668-BE54-9A1E7A4F7556}") = "RoyalLibrary.Models", "..\RoyalLibrary.Models\RoyalLibrary.Models.csproj", "{8324C775-A3D2-456E-ADBB-D13FFED1119D}"
EndProject
Project("{9A19103F-16F7-4668-BE54-9A1E7A4F7556}") = "RoyalLibrary.Models.Mapping", "..\RoyalLibrary.Models.Mapping\RoyalLibrary.Models.Mapping.csproj", "{EF173CD4-ACA1-4891-A892-529A99018215}"
EndProject
Project("{9A19103F-16F7-4668-BE54-9A1E7A4F7556}") = "RoyalLibrary.Repositories", "..\RoyalLibrary.Repositories\RoyalLibrary.Repositories.csproj", "{7537CA11-7D1C-491C-8B65-E7FBF8AEB962}"
EndProject
Project("{FAE04EC0-301F-11D3-BF4B-00C04F79EFBC}") = "RoyalLibrary.Services", "..\RoyalLibrary.Services\RoyalLibrary.Services.csproj", "{96D14235-F1EA-4FC8-A0F7-E8CA07A017A7}"
EndProject
Global
	GlobalSection(SolutionConfigurationPlatforms) = preSolution
		Debug|Any CPU = Debug|Any CPU
		Release|Any CPU = Release|Any CPU
	EndGlobalSection
	GlobalSection(ProjectConfigurationPlatforms) = postSolution
		{7C6551E8-347E-432C-ADA9-8AE51BC64698}.Debug|Any CPU.ActiveCfg = Debug|Any CPU
		{7C6551E8-347E-432C-ADA9-8AE51BC64698}.Debug|Any CPU.Build.0 = Debug|Any CPU
		{7C6551E8-347E-432C-ADA9-8AE51BC64698}.Release|Any CPU.ActiveCfg = Release|Any CPU
		{7C6551E8-347E-432C-ADA9-8AE51BC64698}.Release|Any CPU.Build.0 = Release|Any CPU
		{FE7A2D7E-CAD3-4719-B76D-78C6DCBB58FC}.Debug|Any CPU.ActiveCfg = Debug|Any CPU
		{FE7A2D7E-CAD3-4719-B76D-78C6DCBB58FC}.Debug|Any CPU.Build.0 = Debug|Any CPU
		{FE7A2D7E-CAD3-4719-B76D-78C6DCBB58FC}.Release|Any CPU.ActiveCfg = Release|Any CPU
		{FE7A2D7E-CAD3-4719-B76D-78C6DCBB58FC}.Release|Any CPU.Build.0 = Release|Any CPU
		{35B08294-9920-4BB0-A32F-98EDDB09D166}.Debug|Any CPU.ActiveCfg = Debug|Any CPU
		{35B08294-9920-4BB0-A32F-98EDDB09D166}.Debug|Any CPU.Build.0 = Debug|Any CPU
		{35B08294-9920-4BB0-A32F-98EDDB09D166}.Release|Any CPU.ActiveCfg = Release|Any CPU
		{35B08294-9920-4BB0-A32F-98EDDB09D166}.Release|Any CPU.Build.0 = Release|Any CPU
		{8324C775-A3D2-456E-ADBB-D13FFED1119D}.Debug|Any CPU.ActiveCfg = Debug|Any CPU
		{8324C775-A3D2-456E-ADBB-D13FFED1119D}.Debug|Any CPU.Build.0 = Debug|Any CPU
		{8324C775-A3D2-456E-ADBB-D13FFED1119D}.Release|Any CPU.ActiveCfg = Release|Any CPU
		{8324C775-A3D2-456E-ADBB-D13FFED1119D}.Release|Any CPU.Build.0 = Release|Any CPU
		{EF173CD4-ACA1-4891-A892-529A99018215}.Debug|Any CPU.ActiveCfg = Debug|Any CPU
		{EF173CD4-ACA1-4891-A892-529A99018215}.Debug|Any CPU.Build.0 = Debug|Any CPU
		{EF173CD4-ACA1-4891-A892-529A99018215}.Release|Any CPU.ActiveCfg = Release|Any CPU
		{EF173CD4-ACA1-4891-A892-529A99018215}.Release|Any CPU.Build.0 = Release|Any CPU
		{7537CA11-7D1C-491C-8B65-E7FBF8AEB962}.Debug|Any CPU.ActiveCfg = Debug|Any CPU
		{7537CA11-7D1C-491C-8B65-E7FBF8AEB962}.Debug|Any CPU.Build.0 = Debug|Any CPU
		{7537CA11-7D1C-491C-8B65-E7FBF8AEB962}.Release|Any CPU.ActiveCfg = Release|Any CPU
		{7537CA11-7D1C-491C-8B65-E7FBF8AEB962}.Release|Any CPU.Build.0 = Release|Any CPU
		{96D14235-F1EA-4FC8-A0F7-E8CA07A017A7}.Debug|Any CPU.ActiveCfg = Debug|Any CPU
		{96D14235-F1EA-4FC8-A0F7-E8CA07A017A7}.Debug|Any CPU.Build.0 = Debug|Any CPU
		{96D14235-F1EA-4FC8-A0F7-E8CA07A017A7}.Release|Any CPU.ActiveCfg = Release|Any CPU
		{96D14235-F1EA-4FC8-A0F7-E8CA07A017A7}.Release|Any CPU.Build.0 = Release|Any CPU
	EndGlobalSection
	GlobalSection(SolutionProperties) = preSolution
		HideSolutionNode = FALSE
	EndGlobalSection
	GlobalSection(NestedProjects) = preSolution
		{7C6551E8-347E-432C-ADA9-8AE51BC64698} = {8D525EFE-D912-49EE-B35D-383C3B492682}
		{FE7A2D7E-CAD3-4719-B76D-78C6DCBB58FC} = {254F66E3-087E-4B9C-B918-5BA87C02599F}
		{35B08294-9920-4BB0-A32F-98EDDB09D166} = {254F66E3-087E-4B9C-B918-5BA87C02599F}
		{8324C775-A3D2-456E-ADBB-D13FFED1119D} = {3D0EFAD5-C9E2-4C9E-9CBA-31B609FB67D5}
		{EF173CD4-ACA1-4891-A892-529A99018215} = {3D0EFAD5-C9E2-4C9E-9CBA-31B609FB67D5}
		{7537CA11-7D1C-491C-8B65-E7FBF8AEB962} = {92E23229-FE8A-47AE-AC86-22F2344C5FED}
		{96D14235-F1EA-4FC8-A0F7-E8CA07A017A7} = {2EF02CD1-7353-4F31-9151-E31D824BCB7A}
	EndGlobalSection
	GlobalSection(ExtensibilityGlobals) = postSolution
		SolutionGuid = {E7ABD5C1-0B06-45B5-B8C7-F319C80BDA46}
	EndGlobalSection
EndGlobal
